
Microsoft Visual Studio Solution File, Format Version 12.00
# Visual Studio 15
VisualStudioVersion = 15.0.27604.0
MinimumVisualStudioVersion = 10.0.40219.1
Project("{9A19103F-16F7-4668-BE54-9A1E7A4F7556}") = "ArvidNyden.Server", "ArvidNyden\ArvidNyden.Server\ArvidNyden.Server.csproj", "{6D10B7F6-FB73-4070-B264-2E7C10CE3A30}"
EndProject
Project("{9A19103F-16F7-4668-BE54-9A1E7A4F7556}") = "ArvidNyden.Client", "ArvidNyden\ArvidNyden.Client\ArvidNyden.Client.csproj", "{32CED40B-8B86-4A64-A49E-95F30A4650A6}"
EndProject
Project("{9A19103F-16F7-4668-BE54-9A1E7A4F7556}") = "ArvidNyden.Shared", "ArvidNyden\ArvidNyden.Shared\ArvidNyden.Shared.csproj", "{FFBDC889-18DB-49A8-9A87-B549485B5864}"
EndProject
Global
	GlobalSection(SolutionConfigurationPlatforms) = preSolution
		Debug|Any CPU = Debug|Any CPU
		Release|Any CPU = Release|Any CPU
	EndGlobalSection
	GlobalSection(ProjectConfigurationPlatforms) = postSolution
		{6D10B7F6-FB73-4070-B264-2E7C10CE3A30}.Debug|Any CPU.ActiveCfg = Debug|Any CPU
		{6D10B7F6-FB73-4070-B264-2E7C10CE3A30}.Debug|Any CPU.Build.0 = Debug|Any CPU
		{6D10B7F6-FB73-4070-B264-2E7C10CE3A30}.Release|Any CPU.ActiveCfg = Release|Any CPU
		{6D10B7F6-FB73-4070-B264-2E7C10CE3A30}.Release|Any CPU.Build.0 = Release|Any CPU
		{32CED40B-8B86-4A64-A49E-95F30A4650A6}.Debug|Any CPU.ActiveCfg = Debug|Any CPU
		{32CED40B-8B86-4A64-A49E-95F30A4650A6}.Debug|Any CPU.Build.0 = Debug|Any CPU
		{32CED40B-8B86-4A64-A49E-95F30A4650A6}.Release|Any CPU.ActiveCfg = Release|Any CPU
		{32CED40B-8B86-4A64-A49E-95F30A4650A6}.Release|Any CPU.Build.0 = Release|Any CPU
		{FFBDC889-18DB-49A8-9A87-B549485B5864}.Debug|Any CPU.ActiveCfg = Debug|Any CPU
		{FFBDC889-18DB-49A8-9A87-B549485B5864}.Debug|Any CPU.Build.0 = Debug|Any CPU
		{FFBDC889-18DB-49A8-9A87-B549485B5864}.Release|Any CPU.ActiveCfg = Release|Any CPU
		{FFBDC889-18DB-49A8-9A87-B549485B5864}.Release|Any CPU.Build.0 = Release|Any CPU
	EndGlobalSection
	GlobalSection(SolutionProperties) = preSolution
		HideSolutionNode = FALSE
	EndGlobalSection
	GlobalSection(ExtensibilityGlobals) = postSolution
		SolutionGuid = {E1C52754-AEA5-4101-B5B5-A3EFB47D4020}
	EndGlobalSection
EndGlobal
